// !$*UTF8*$!
{
	archiveVersion = 1;
	classes = {
	};
	objectVersion = 46;
	objects = {

/* Begin PBXBuildFile section */
		0D09085F188742E20053A108 /* AWSEC2.framework in Frameworks */ = {isa = PBXBuildFile; fileRef = 0D09085E188742E20053A108 /* AWSEC2.framework */; };
		0D090863188743840053A108 /* AWSRuntime.framework in Frameworks */ = {isa = PBXBuildFile; fileRef = 0D090862188743840053A108 /* AWSRuntime.framework */; };
		0D0E6E51188082E300F693B4 /* GSRendezvous.m in Sources */ = {isa = PBXBuildFile; fileRef = 0D0E6E50188082E300F693B4 /* GSRendezvous.m */; };
		0D0E6E5418816CAD00F693B4 /* GSDyno.m in Sources */ = {isa = PBXBuildFile; fileRef = 0D0E6E5318816CAD00F693B4 /* GSDyno.m */; };
		0D186F521884839900063E10 /* GSHerokuAccount.m in Sources */ = {isa = PBXBuildFile; fileRef = 0D186F511884839900063E10 /* GSHerokuAccount.m */; };
		0D380A12189E9DBD009D33C9 /* GSKeyPairCell.m in Sources */ = {isa = PBXBuildFile; fileRef = 0D380A11189E9DBD009D33C9 /* GSKeyPairCell.m */; };
		0D380A15189EA29C009D33C9 /* GSAccountsTableController.m in Sources */ = {isa = PBXBuildFile; fileRef = 0D380A14189EA29C009D33C9 /* GSAccountsTableController.m */; };
		0D5488691894109E0061659B /* GSSettingsController.m in Sources */ = {isa = PBXBuildFile; fileRef = 0D5488681894109E0061659B /* GSSettingsController.m */; };
		0D55912E187F3F9D004ECB99 /* CoreData.framework in Frameworks */ = {isa = PBXBuildFile; fileRef = 0D55912D187F3F9D004ECB99 /* CoreData.framework */; };
		0D559131187F403C004ECB99 /* DataModel.xcdatamodeld in Sources */ = {isa = PBXBuildFile; fileRef = 0D55912F187F403C004ECB99 /* DataModel.xcdatamodeld */; };
		0D559134187F51F4004ECB99 /* GSKeyPair.m in Sources */ = {isa = PBXBuildFile; fileRef = 0D559133187F51F4004ECB99 /* GSKeyPair.m */; };
		0D58EC24186C5265008893E5 /* Foundation.framework in Frameworks */ = {isa = PBXBuildFile; fileRef = 0D58EC23186C5265008893E5 /* Foundation.framework */; };
		0D58EC26186C5265008893E5 /* CoreGraphics.framework in Frameworks */ = {isa = PBXBuildFile; fileRef = 0D58EC25186C5265008893E5 /* CoreGraphics.framework */; };
		0D58EC28186C5265008893E5 /* UIKit.framework in Frameworks */ = {isa = PBXBuildFile; fileRef = 0D58EC27186C5265008893E5 /* UIKit.framework */; };
		0D58EC2E186C5265008893E5 /* InfoPlist.strings in Resources */ = {isa = PBXBuildFile; fileRef = 0D58EC2C186C5265008893E5 /* InfoPlist.strings */; };
		0D58EC30186C5265008893E5 /* main.m in Sources */ = {isa = PBXBuildFile; fileRef = 0D58EC2F186C5265008893E5 /* main.m */; };
		0D58EC34186C5265008893E5 /* GSAppDelegate.m in Sources */ = {isa = PBXBuildFile; fileRef = 0D58EC33186C5265008893E5 /* GSAppDelegate.m */; };
		0D58EC37186C5265008893E5 /* Main_iPhone.storyboard in Resources */ = {isa = PBXBuildFile; fileRef = 0D58EC35186C5265008893E5 /* Main_iPhone.storyboard */; };
		0D58EC3A186C5265008893E5 /* Main_iPad.storyboard in Resources */ = {isa = PBXBuildFile; fileRef = 0D58EC38186C5265008893E5 /* Main_iPad.storyboard */; };
		0D58EC3D186C5265008893E5 /* GSConnectionsTableController.m in Sources */ = {isa = PBXBuildFile; fileRef = 0D58EC3C186C5265008893E5 /* GSConnectionsTableController.m */; };
		0D58EC40186C5265008893E5 /* GSTerminalViewController.m in Sources */ = {isa = PBXBuildFile; fileRef = 0D58EC3F186C5265008893E5 /* GSTerminalViewController.m */; };
		0D58EC42186C5265008893E5 /* Images.xcassets in Resources */ = {isa = PBXBuildFile; fileRef = 0D58EC41186C5265008893E5 /* Images.xcassets */; };
		0D58EC49186C5265008893E5 /* XCTest.framework in Frameworks */ = {isa = PBXBuildFile; fileRef = 0D58EC48186C5265008893E5 /* XCTest.framework */; };
		0D58EC4A186C5265008893E5 /* Foundation.framework in Frameworks */ = {isa = PBXBuildFile; fileRef = 0D58EC23186C5265008893E5 /* Foundation.framework */; };
		0D58EC4B186C5265008893E5 /* UIKit.framework in Frameworks */ = {isa = PBXBuildFile; fileRef = 0D58EC27186C5265008893E5 /* UIKit.framework */; };
		0D58EC53186C5265008893E5 /* InfoPlist.strings in Resources */ = {isa = PBXBuildFile; fileRef = 0D58EC51186C5265008893E5 /* InfoPlist.strings */; };
		0D58EC55186C5265008893E5 /* ShellTests.m in Sources */ = {isa = PBXBuildFile; fileRef = 0D58EC54186C5265008893E5 /* ShellTests.m */; };
		0D58EC63186C5631008893E5 /* GSConnection.m in Sources */ = {isa = PBXBuildFile; fileRef = 0D58EC62186C5631008893E5 /* GSConnection.m */; };
		0D58EC67186C59EF008893E5 /* GSTerminalView.m in Sources */ = {isa = PBXBuildFile; fileRef = 0D58EC66186C59EF008893E5 /* GSTerminalView.m */; };
		0D58EC86186C6425008893E5 /* terminal.html in Resources */ = {isa = PBXBuildFile; fileRef = 0D58EC80186C6425008893E5 /* terminal.html */; };
		0D58EC8C186CEE64008893E5 /* term.js in Resources */ = {isa = PBXBuildFile; fileRef = 0D58EC8A186CEE5B008893E5 /* term.js */; };
		0D89EAE1188040F300737407 /* GSHerokuService.m in Sources */ = {isa = PBXBuildFile; fileRef = 0D89EAE0188040F300737407 /* GSHerokuService.m */; };
		0D89EAE5188049AD00737407 /* GSApplication.m in Sources */ = {isa = PBXBuildFile; fileRef = 0D89EAE4188049AD00737407 /* GSApplication.m */; };
		0D89EAE8188058AA00737407 /* GSTableViewCell.m in Sources */ = {isa = PBXBuildFile; fileRef = 0D89EAE7188058AA00737407 /* GSTableViewCell.m */; };
		0D89EAED18806C7500737407 /* UIButton+IonIcons.m in Sources */ = {isa = PBXBuildFile; fileRef = 0D89EAEC18806C7500737407 /* UIButton+IonIcons.m */; };
		0D94713D18899A40005A511B /* aws-account-form.json in Resources */ = {isa = PBXBuildFile; fileRef = 0D94713C18899A40005A511B /* aws-account-form.json */; };
		0DA514B718954ED200B4ECBF /* GSFormStyleProvider.m in Sources */ = {isa = PBXBuildFile; fileRef = 0DA514B618954ED200B4ECBF /* GSFormStyleProvider.m */; };
		0DA514BE1895650600B4ECBF /* GSAddConnectionTableController.m in Sources */ = {isa = PBXBuildFile; fileRef = 0DA514BD1895650600B4ECBF /* GSAddConnectionTableController.m */; };
		0DB2DE171897160900481750 /* GSHerokuOAuth.m in Sources */ = {isa = PBXBuildFile; fileRef = 0DB2DE161897160900481750 /* GSHerokuOAuth.m */; };
		0DB3EFA418946EE200705CC7 /* GSKeyPairsTableController.m in Sources */ = {isa = PBXBuildFile; fileRef = 0DB3EFA318946EE200705CC7 /* GSKeyPairsTableController.m */; };
		0DB9E8F01876E5E700B09E28 /* GSAddSSHFormController.m in Sources */ = {isa = PBXBuildFile; fileRef = 0DB9E8EF1876E5E700B09E28 /* GSAddSSHFormController.m */; };
		0DC7EA73189D881000D36E3A /* GSAddKeyPairController.m in Sources */ = {isa = PBXBuildFile; fileRef = 0DC7EA72189D881000D36E3A /* GSAddKeyPairController.m */; };
		0DCBC768188872A0001810E6 /* GSAWSCredentials.m in Sources */ = {isa = PBXBuildFile; fileRef = 0DCBC767188872A0001810E6 /* GSAWSCredentials.m */; };
		0DCBC76E18887873001810E6 /* GSAWSAccountFormController.m in Sources */ = {isa = PBXBuildFile; fileRef = 0DCBC76D18887873001810E6 /* GSAWSAccountFormController.m */; };
		0DCE7F6D188C5CFC00C69124 /* GSProgressHUD.m in Sources */ = {isa = PBXBuildFile; fileRef = 0DCE7F6C188C5CFC00C69124 /* GSProgressHUD.m */; };
		0DE3388B18796F3A00A5F50C /* UIFont+IonIcons.m in Sources */ = {isa = PBXBuildFile; fileRef = 0DE3388818796F3A00A5F50C /* UIFont+IonIcons.m */; };
		0DE3388C18796F3A00A5F50C /* UIBarButtonItem+IonIcons.m in Sources */ = {isa = PBXBuildFile; fileRef = 0DE3388A18796F3A00A5F50C /* UIBarButtonItem+IonIcons.m */; };
		0DE3389018796F6800A5F50C /* ionicons.ttf in Resources */ = {isa = PBXBuildFile; fileRef = 0DE3388F18796F6800A5F50C /* ionicons.ttf */; };
		0DE583E418831EA40083EE00 /* GSSSHTerminalViewController.m in Sources */ = {isa = PBXBuildFile; fileRef = 0DE583E318831EA40083EE00 /* GSSSHTerminalViewController.m */; };
		0DE583E71883202D0083EE00 /* GSHerokuTerminalViewController.m in Sources */ = {isa = PBXBuildFile; fileRef = 0DE583E61883202D0083EE00 /* GSHerokuTerminalViewController.m */; };
		0DE583EC18833B950083EE00 /* GSHerokuLoginController.m in Sources */ = {isa = PBXBuildFile; fileRef = 0DE583EB18833B950083EE00 /* GSHerokuLoginController.m */; };
		A669840BA28A4E978853907C /* libPods.a in Frameworks */ = {isa = PBXBuildFile; fileRef = 452999260EAF4259AFCB14D7 /* libPods.a */; };
/* End PBXBuildFile section */

/* Begin PBXContainerItemProxy section */
		0D58EC4C186C5265008893E5 /* PBXContainerItemProxy */ = {
			isa = PBXContainerItemProxy;
			containerPortal = 0D58EC18186C5265008893E5 /* Project object */;
			proxyType = 1;
			remoteGlobalIDString = 0D58EC1F186C5265008893E5;
			remoteInfo = Shell;
		};
/* End PBXContainerItemProxy section */

/* Begin PBXFileReference section */
		0D09085E188742E20053A108 /* AWSEC2.framework */ = {isa = PBXFileReference; lastKnownFileType = wrapper.framework; path = AWSEC2.framework; sourceTree = "<group>"; };
		0D090862188743840053A108 /* AWSRuntime.framework */ = {isa = PBXFileReference; lastKnownFileType = wrapper.framework; path = AWSRuntime.framework; sourceTree = "<group>"; };
		0D0E6E4F188082E300F693B4 /* GSRendezvous.h */ = {isa = PBXFileReference; fileEncoding = 4; lastKnownFileType = sourcecode.c.h; path = GSRendezvous.h; sourceTree = "<group>"; };
		0D0E6E50188082E300F693B4 /* GSRendezvous.m */ = {isa = PBXFileReference; fileEncoding = 4; lastKnownFileType = sourcecode.c.objc; path = GSRendezvous.m; sourceTree = "<group>"; };
		0D0E6E5218816CAD00F693B4 /* GSDyno.h */ = {isa = PBXFileReference; fileEncoding = 4; lastKnownFileType = sourcecode.c.h; path = GSDyno.h; sourceTree = "<group>"; };
		0D0E6E5318816CAD00F693B4 /* GSDyno.m */ = {isa = PBXFileReference; fileEncoding = 4; lastKnownFileType = sourcecode.c.objc; path = GSDyno.m; sourceTree = "<group>"; };
		0D186F501884839900063E10 /* GSHerokuAccount.h */ = {isa = PBXFileReference; fileEncoding = 4; lastKnownFileType = sourcecode.c.h; path = GSHerokuAccount.h; sourceTree = "<group>"; };
		0D186F511884839900063E10 /* GSHerokuAccount.m */ = {isa = PBXFileReference; fileEncoding = 4; lastKnownFileType = sourcecode.c.objc; path = GSHerokuAccount.m; sourceTree = "<group>"; };
		0D380A10189E9DBD009D33C9 /* GSKeyPairCell.h */ = {isa = PBXFileReference; fileEncoding = 4; lastKnownFileType = sourcecode.c.h; path = GSKeyPairCell.h; sourceTree = "<group>"; };
		0D380A11189E9DBD009D33C9 /* GSKeyPairCell.m */ = {isa = PBXFileReference; fileEncoding = 4; lastKnownFileType = sourcecode.c.objc; path = GSKeyPairCell.m; sourceTree = "<group>"; };
		0D380A13189EA29C009D33C9 /* GSAccountsTableController.h */ = {isa = PBXFileReference; fileEncoding = 4; lastKnownFileType = sourcecode.c.h; path = GSAccountsTableController.h; sourceTree = "<group>"; };
		0D380A14189EA29C009D33C9 /* GSAccountsTableController.m */ = {isa = PBXFileReference; fileEncoding = 4; lastKnownFileType = sourcecode.c.objc; path = GSAccountsTableController.m; sourceTree = "<group>"; };
		0D5488671894109E0061659B /* GSSettingsController.h */ = {isa = PBXFileReference; fileEncoding = 4; lastKnownFileType = sourcecode.c.h; path = GSSettingsController.h; sourceTree = "<group>"; };
		0D5488681894109E0061659B /* GSSettingsController.m */ = {isa = PBXFileReference; fileEncoding = 4; lastKnownFileType = sourcecode.c.objc; path = GSSettingsController.m; sourceTree = "<group>"; };
		0D55912D187F3F9D004ECB99 /* CoreData.framework */ = {isa = PBXFileReference; lastKnownFileType = wrapper.framework; name = CoreData.framework; path = System/Library/Frameworks/CoreData.framework; sourceTree = SDKROOT; };
		0D559130187F403C004ECB99 /* DataModel.xcdatamodel */ = {isa = PBXFileReference; lastKnownFileType = wrapper.xcdatamodel; path = DataModel.xcdatamodel; sourceTree = "<group>"; };
		0D559132187F51F4004ECB99 /* GSKeyPair.h */ = {isa = PBXFileReference; fileEncoding = 4; lastKnownFileType = sourcecode.c.h; path = GSKeyPair.h; sourceTree = "<group>"; };
		0D559133187F51F4004ECB99 /* GSKeyPair.m */ = {isa = PBXFileReference; fileEncoding = 4; lastKnownFileType = sourcecode.c.objc; path = GSKeyPair.m; sourceTree = "<group>"; };
		0D58EC20186C5265008893E5 /* Shell.app */ = {isa = PBXFileReference; explicitFileType = wrapper.application; includeInIndex = 0; path = Shell.app; sourceTree = BUILT_PRODUCTS_DIR; };
		0D58EC23186C5265008893E5 /* Foundation.framework */ = {isa = PBXFileReference; lastKnownFileType = wrapper.framework; name = Foundation.framework; path = System/Library/Frameworks/Foundation.framework; sourceTree = SDKROOT; };
		0D58EC25186C5265008893E5 /* CoreGraphics.framework */ = {isa = PBXFileReference; lastKnownFileType = wrapper.framework; name = CoreGraphics.framework; path = System/Library/Frameworks/CoreGraphics.framework; sourceTree = SDKROOT; };
		0D58EC27186C5265008893E5 /* UIKit.framework */ = {isa = PBXFileReference; lastKnownFileType = wrapper.framework; name = UIKit.framework; path = System/Library/Frameworks/UIKit.framework; sourceTree = SDKROOT; };
		0D58EC2B186C5265008893E5 /* Shell-Info.plist */ = {isa = PBXFileReference; lastKnownFileType = text.plist.xml; path = "Shell-Info.plist"; sourceTree = "<group>"; };
		0D58EC2D186C5265008893E5 /* en */ = {isa = PBXFileReference; lastKnownFileType = text.plist.strings; name = en; path = en.lproj/InfoPlist.strings; sourceTree = "<group>"; };
		0D58EC2F186C5265008893E5 /* main.m */ = {isa = PBXFileReference; lastKnownFileType = sourcecode.c.objc; path = main.m; sourceTree = "<group>"; };
		0D58EC31186C5265008893E5 /* Shell-Prefix.pch */ = {isa = PBXFileReference; lastKnownFileType = sourcecode.c.h; path = "Shell-Prefix.pch"; sourceTree = "<group>"; };
		0D58EC32186C5265008893E5 /* GSAppDelegate.h */ = {isa = PBXFileReference; lastKnownFileType = sourcecode.c.h; path = GSAppDelegate.h; sourceTree = "<group>"; };
		0D58EC33186C5265008893E5 /* GSAppDelegate.m */ = {isa = PBXFileReference; lastKnownFileType = sourcecode.c.objc; path = GSAppDelegate.m; sourceTree = "<group>"; };
		0D58EC36186C5265008893E5 /* Base */ = {isa = PBXFileReference; lastKnownFileType = file.storyboard; name = Base; path = Base.lproj/Main_iPhone.storyboard; sourceTree = "<group>"; };
		0D58EC39186C5265008893E5 /* Base */ = {isa = PBXFileReference; lastKnownFileType = file.storyboard; name = Base; path = Base.lproj/Main_iPad.storyboard; sourceTree = "<group>"; };
		0D58EC3B186C5265008893E5 /* GSConnectionsTableController.h */ = {isa = PBXFileReference; lastKnownFileType = sourcecode.c.h; path = GSConnectionsTableController.h; sourceTree = "<group>"; };
		0D58EC3C186C5265008893E5 /* GSConnectionsTableController.m */ = {isa = PBXFileReference; lastKnownFileType = sourcecode.c.objc; path = GSConnectionsTableController.m; sourceTree = "<group>"; };
		0D58EC3E186C5265008893E5 /* GSTerminalViewController.h */ = {isa = PBXFileReference; lastKnownFileType = sourcecode.c.h; path = GSTerminalViewController.h; sourceTree = "<group>"; };
		0D58EC3F186C5265008893E5 /* GSTerminalViewController.m */ = {isa = PBXFileReference; lastKnownFileType = sourcecode.c.objc; path = GSTerminalViewController.m; sourceTree = "<group>"; };
		0D58EC41186C5265008893E5 /* Images.xcassets */ = {isa = PBXFileReference; lastKnownFileType = folder.assetcatalog; path = Images.xcassets; sourceTree = "<group>"; };
		0D58EC47186C5265008893E5 /* ShellTests.xctest */ = {isa = PBXFileReference; explicitFileType = wrapper.cfbundle; includeInIndex = 0; path = ShellTests.xctest; sourceTree = BUILT_PRODUCTS_DIR; };
		0D58EC48186C5265008893E5 /* XCTest.framework */ = {isa = PBXFileReference; lastKnownFileType = wrapper.framework; name = XCTest.framework; path = Library/Frameworks/XCTest.framework; sourceTree = DEVELOPER_DIR; };
		0D58EC50186C5265008893E5 /* ShellTests-Info.plist */ = {isa = PBXFileReference; lastKnownFileType = text.plist.xml; path = "ShellTests-Info.plist"; sourceTree = "<group>"; };
		0D58EC52186C5265008893E5 /* en */ = {isa = PBXFileReference; lastKnownFileType = text.plist.strings; name = en; path = en.lproj/InfoPlist.strings; sourceTree = "<group>"; };
		0D58EC54186C5265008893E5 /* ShellTests.m */ = {isa = PBXFileReference; lastKnownFileType = sourcecode.c.objc; path = ShellTests.m; sourceTree = "<group>"; };
		0D58EC61186C5631008893E5 /* GSConnection.h */ = {isa = PBXFileReference; fileEncoding = 4; lastKnownFileType = sourcecode.c.h; path = GSConnection.h; sourceTree = "<group>"; };
		0D58EC62186C5631008893E5 /* GSConnection.m */ = {isa = PBXFileReference; fileEncoding = 4; lastKnownFileType = sourcecode.c.objc; path = GSConnection.m; sourceTree = "<group>"; };
		0D58EC65186C59EF008893E5 /* GSTerminalView.h */ = {isa = PBXFileReference; fileEncoding = 4; lastKnownFileType = sourcecode.c.h; path = GSTerminalView.h; sourceTree = "<group>"; };
		0D58EC66186C59EF008893E5 /* GSTerminalView.m */ = {isa = PBXFileReference; fileEncoding = 4; lastKnownFileType = sourcecode.c.objc; path = GSTerminalView.m; sourceTree = "<group>"; };
		0D58EC80186C6425008893E5 /* terminal.html */ = {isa = PBXFileReference; fileEncoding = 4; lastKnownFileType = text.html; path = terminal.html; sourceTree = "<group>"; };
		0D58EC8A186CEE5B008893E5 /* term.js */ = {isa = PBXFileReference; fileEncoding = 4; lastKnownFileType = sourcecode.javascript; path = term.js; sourceTree = "<group>"; };
		0D89EADF188040F300737407 /* GSHerokuService.h */ = {isa = PBXFileReference; fileEncoding = 4; lastKnownFileType = sourcecode.c.h; path = GSHerokuService.h; sourceTree = "<group>"; };
		0D89EAE0188040F300737407 /* GSHerokuService.m */ = {isa = PBXFileReference; fileEncoding = 4; lastKnownFileType = sourcecode.c.objc; path = GSHerokuService.m; sourceTree = "<group>"; };
		0D89EAE3188049AD00737407 /* GSApplication.h */ = {isa = PBXFileReference; fileEncoding = 4; lastKnownFileType = sourcecode.c.h; path = GSApplication.h; sourceTree = "<group>"; };
		0D89EAE4188049AD00737407 /* GSApplication.m */ = {isa = PBXFileReference; fileEncoding = 4; lastKnownFileType = sourcecode.c.objc; path = GSApplication.m; sourceTree = "<group>"; };
		0D89EAE6188058AA00737407 /* GSTableViewCell.h */ = {isa = PBXFileReference; fileEncoding = 4; lastKnownFileType = sourcecode.c.h; path = GSTableViewCell.h; sourceTree = "<group>"; };
		0D89EAE7188058AA00737407 /* GSTableViewCell.m */ = {isa = PBXFileReference; fileEncoding = 4; lastKnownFileType = sourcecode.c.objc; path = GSTableViewCell.m; sourceTree = "<group>"; };
		0D89EAEB18806C7500737407 /* UIButton+IonIcons.h */ = {isa = PBXFileReference; fileEncoding = 4; lastKnownFileType = sourcecode.c.h; path = "UIButton+IonIcons.h"; sourceTree = "<group>"; };
		0D89EAEC18806C7500737407 /* UIButton+IonIcons.m */ = {isa = PBXFileReference; fileEncoding = 4; lastKnownFileType = sourcecode.c.objc; path = "UIButton+IonIcons.m"; sourceTree = "<group>"; };
		0D94713C18899A40005A511B /* aws-account-form.json */ = {isa = PBXFileReference; fileEncoding = 4; lastKnownFileType = text.json; path = "aws-account-form.json"; sourceTree = "<group>"; };
		0DA514B518954ED200B4ECBF /* GSFormStyleProvider.h */ = {isa = PBXFileReference; fileEncoding = 4; lastKnownFileType = sourcecode.c.h; path = GSFormStyleProvider.h; sourceTree = "<group>"; };
		0DA514B618954ED200B4ECBF /* GSFormStyleProvider.m */ = {isa = PBXFileReference; fileEncoding = 4; lastKnownFileType = sourcecode.c.objc; path = GSFormStyleProvider.m; sourceTree = "<group>"; };
		0DA514BC1895650600B4ECBF /* GSAddConnectionTableController.h */ = {isa = PBXFileReference; fileEncoding = 4; lastKnownFileType = sourcecode.c.h; path = GSAddConnectionTableController.h; sourceTree = "<group>"; };
		0DA514BD1895650600B4ECBF /* GSAddConnectionTableController.m */ = {isa = PBXFileReference; fileEncoding = 4; lastKnownFileType = sourcecode.c.objc; path = GSAddConnectionTableController.m; sourceTree = "<group>"; };
		0DB2DE151897160900481750 /* GSHerokuOAuth.h */ = {isa = PBXFileReference; fileEncoding = 4; lastKnownFileType = sourcecode.c.h; path = GSHerokuOAuth.h; sourceTree = "<group>"; };
		0DB2DE161897160900481750 /* GSHerokuOAuth.m */ = {isa = PBXFileReference; fileEncoding = 4; lastKnownFileType = sourcecode.c.objc; path = GSHerokuOAuth.m; sourceTree = "<group>"; };
		0DB3EFA218946EE200705CC7 /* GSKeyPairsTableController.h */ = {isa = PBXFileReference; fileEncoding = 4; lastKnownFileType = sourcecode.c.h; path = GSKeyPairsTableController.h; sourceTree = "<group>"; };
		0DB3EFA318946EE200705CC7 /* GSKeyPairsTableController.m */ = {isa = PBXFileReference; fileEncoding = 4; lastKnownFileType = sourcecode.c.objc; path = GSKeyPairsTableController.m; sourceTree = "<group>"; };
		0DB9E8EE1876E5E700B09E28 /* GSAddSSHFormController.h */ = {isa = PBXFileReference; fileEncoding = 4; lastKnownFileType = sourcecode.c.h; path = GSAddSSHFormController.h; sourceTree = "<group>"; };
		0DB9E8EF1876E5E700B09E28 /* GSAddSSHFormController.m */ = {isa = PBXFileReference; fileEncoding = 4; lastKnownFileType = sourcecode.c.objc; path = GSAddSSHFormController.m; sourceTree = "<group>"; };
		0DC7EA71189D881000D36E3A /* GSAddKeyPairController.h */ = {isa = PBXFileReference; fileEncoding = 4; lastKnownFileType = sourcecode.c.h; path = GSAddKeyPairController.h; sourceTree = "<group>"; };
		0DC7EA72189D881000D36E3A /* GSAddKeyPairController.m */ = {isa = PBXFileReference; fileEncoding = 4; lastKnownFileType = sourcecode.c.objc; path = GSAddKeyPairController.m; sourceTree = "<group>"; };
		0DCBC766188872A0001810E6 /* GSAWSCredentials.h */ = {isa = PBXFileReference; fileEncoding = 4; lastKnownFileType = sourcecode.c.h; path = GSAWSCredentials.h; sourceTree = "<group>"; };
		0DCBC767188872A0001810E6 /* GSAWSCredentials.m */ = {isa = PBXFileReference; fileEncoding = 4; lastKnownFileType = sourcecode.c.objc; path = GSAWSCredentials.m; sourceTree = "<group>"; };
		0DCBC76C18887873001810E6 /* GSAWSAccountFormController.h */ = {isa = PBXFileReference; fileEncoding = 4; lastKnownFileType = sourcecode.c.h; path = GSAWSAccountFormController.h; sourceTree = "<group>"; };
		0DCBC76D18887873001810E6 /* GSAWSAccountFormController.m */ = {isa = PBXFileReference; fileEncoding = 4; lastKnownFileType = sourcecode.c.objc; path = GSAWSAccountFormController.m; sourceTree = "<group>"; };
		0DCE7F6B188C5CFC00C69124 /* GSProgressHUD.h */ = {isa = PBXFileReference; fileEncoding = 4; lastKnownFileType = sourcecode.c.h; path = GSProgressHUD.h; sourceTree = "<group>"; };
		0DCE7F6C188C5CFC00C69124 /* GSProgressHUD.m */ = {isa = PBXFileReference; fileEncoding = 4; lastKnownFileType = sourcecode.c.objc; path = GSProgressHUD.m; sourceTree = "<group>"; };
		0DE3388718796F3900A5F50C /* UIFont+IonIcons.h */ = {isa = PBXFileReference; fileEncoding = 4; lastKnownFileType = sourcecode.c.h; path = "UIFont+IonIcons.h"; sourceTree = "<group>"; };
		0DE3388818796F3A00A5F50C /* UIFont+IonIcons.m */ = {isa = PBXFileReference; fileEncoding = 4; lastKnownFileType = sourcecode.c.objc; path = "UIFont+IonIcons.m"; sourceTree = "<group>"; };
		0DE3388918796F3A00A5F50C /* UIBarButtonItem+IonIcons.h */ = {isa = PBXFileReference; fileEncoding = 4; lastKnownFileType = sourcecode.c.h; path = "UIBarButtonItem+IonIcons.h"; sourceTree = "<group>"; };
		0DE3388A18796F3A00A5F50C /* UIBarButtonItem+IonIcons.m */ = {isa = PBXFileReference; fileEncoding = 4; lastKnownFileType = sourcecode.c.objc; path = "UIBarButtonItem+IonIcons.m"; sourceTree = "<group>"; };
		0DE3388F18796F6800A5F50C /* ionicons.ttf */ = {isa = PBXFileReference; lastKnownFileType = file; path = ionicons.ttf; sourceTree = "<group>"; };
		0DE583E218831EA40083EE00 /* GSSSHTerminalViewController.h */ = {isa = PBXFileReference; fileEncoding = 4; lastKnownFileType = sourcecode.c.h; path = GSSSHTerminalViewController.h; sourceTree = "<group>"; };
		0DE583E318831EA40083EE00 /* GSSSHTerminalViewController.m */ = {isa = PBXFileReference; fileEncoding = 4; lastKnownFileType = sourcecode.c.objc; path = GSSSHTerminalViewController.m; sourceTree = "<group>"; };
		0DE583E51883202D0083EE00 /* GSHerokuTerminalViewController.h */ = {isa = PBXFileReference; fileEncoding = 4; lastKnownFileType = sourcecode.c.h; path = GSHerokuTerminalViewController.h; sourceTree = "<group>"; };
		0DE583E61883202D0083EE00 /* GSHerokuTerminalViewController.m */ = {isa = PBXFileReference; fileEncoding = 4; lastKnownFileType = sourcecode.c.objc; path = GSHerokuTerminalViewController.m; sourceTree = "<group>"; };
		0DE583EA18833B950083EE00 /* GSHerokuLoginController.h */ = {isa = PBXFileReference; fileEncoding = 4; lastKnownFileType = sourcecode.c.h; path = GSHerokuLoginController.h; sourceTree = "<group>"; };
		0DE583EB18833B950083EE00 /* GSHerokuLoginController.m */ = {isa = PBXFileReference; fileEncoding = 4; lastKnownFileType = sourcecode.c.objc; path = GSHerokuLoginController.m; sourceTree = "<group>"; };
		452999260EAF4259AFCB14D7 /* libPods.a */ = {isa = PBXFileReference; explicitFileType = archive.ar; includeInIndex = 0; path = libPods.a; sourceTree = BUILT_PRODUCTS_DIR; };
		C0C7AC5A9FDC47F7B00CB3C7 /* Pods.xcconfig */ = {isa = PBXFileReference; includeInIndex = 1; lastKnownFileType = text.xcconfig; name = Pods.xcconfig; path = Pods/Pods.xcconfig; sourceTree = "<group>"; };
/* End PBXFileReference section */

/* Begin PBXFrameworksBuildPhase section */
		0D58EC1D186C5265008893E5 /* Frameworks */ = {
			isa = PBXFrameworksBuildPhase;
			buildActionMask = 2147483647;
			files = (
				0D55912E187F3F9D004ECB99 /* CoreData.framework in Frameworks */,
				0D58EC26186C5265008893E5 /* CoreGraphics.framework in Frameworks */,
				0D58EC28186C5265008893E5 /* UIKit.framework in Frameworks */,
				0D58EC24186C5265008893E5 /* Foundation.framework in Frameworks */,
				A669840BA28A4E978853907C /* libPods.a in Frameworks */,
				0D09085F188742E20053A108 /* AWSEC2.framework in Frameworks */,
				0D090863188743840053A108 /* AWSRuntime.framework in Frameworks */,
			);
			runOnlyForDeploymentPostprocessing = 0;
		};
		0D58EC44186C5265008893E5 /* Frameworks */ = {
			isa = PBXFrameworksBuildPhase;
			buildActionMask = 2147483647;
			files = (
				0D58EC49186C5265008893E5 /* XCTest.framework in Frameworks */,
				0D58EC4B186C5265008893E5 /* UIKit.framework in Frameworks */,
				0D58EC4A186C5265008893E5 /* Foundation.framework in Frameworks */,
			);
			runOnlyForDeploymentPostprocessing = 0;
		};
/* End PBXFrameworksBuildPhase section */

/* Begin PBXGroup section */
		0D0E6E4B188081CE00F693B4 /* Utilities */ = {
			isa = PBXGroup;
			children = (
				0DA514B518954ED200B4ECBF /* GSFormStyleProvider.h */,
				0DA514B618954ED200B4ECBF /* GSFormStyleProvider.m */,
			);
			name = Utilities;
			sourceTree = "<group>";
		};
		0D58EC17186C5265008893E5 = {
			isa = PBXGroup;
			children = (
				0D58EC29186C5265008893E5 /* Shell */,
				0D58EC4E186C5265008893E5 /* ShellTests */,
				0D58EC22186C5265008893E5 /* Frameworks */,
				0D58EC21186C5265008893E5 /* Products */,
				C0C7AC5A9FDC47F7B00CB3C7 /* Pods.xcconfig */,
			);
			sourceTree = "<group>";
		};
		0D58EC21186C5265008893E5 /* Products */ = {
			isa = PBXGroup;
			children = (
				0D58EC20186C5265008893E5 /* Shell.app */,
				0D58EC47186C5265008893E5 /* ShellTests.xctest */,
			);
			name = Products;
			sourceTree = "<group>";
		};
		0D58EC22186C5265008893E5 /* Frameworks */ = {
			isa = PBXGroup;
			children = (
				0D090862188743840053A108 /* AWSRuntime.framework */,
				0D09085E188742E20053A108 /* AWSEC2.framework */,
				0D55912D187F3F9D004ECB99 /* CoreData.framework */,
				0D58EC23186C5265008893E5 /* Foundation.framework */,
				0D58EC25186C5265008893E5 /* CoreGraphics.framework */,
				0D58EC27186C5265008893E5 /* UIKit.framework */,
				0D58EC48186C5265008893E5 /* XCTest.framework */,
				452999260EAF4259AFCB14D7 /* libPods.a */,
			);
			name = Frameworks;
			sourceTree = "<group>";
		};
		0D58EC29186C5265008893E5 /* Shell */ = {
			isa = PBXGroup;
			children = (
				0D0E6E4B188081CE00F693B4 /* Utilities */,
				0DE3388E18796F5300A5F50C /* Resources */,
				0D89EADE1880405600737407 /* HerokuService */,
				0DE3388D18796F4700A5F50C /* Categories */,
				0D58EC64186C5636008893E5 /* Models */,
				0D58EC5F186C5516008893E5 /* Views */,
				0D58EC5E186C5507008893E5 /* Controllers */,
				0D58EC32186C5265008893E5 /* GSAppDelegate.h */,
				0D58EC33186C5265008893E5 /* GSAppDelegate.m */,
				0D58EC41186C5265008893E5 /* Images.xcassets */,
				0D58EC2A186C5265008893E5 /* Supporting Files */,
			);
			path = Shell;
			sourceTree = "<group>";
		};
		0D58EC2A186C5265008893E5 /* Supporting Files */ = {
			isa = PBXGroup;
			children = (
				0D58EC2B186C5265008893E5 /* Shell-Info.plist */,
				0D58EC2C186C5265008893E5 /* InfoPlist.strings */,
				0D58EC2F186C5265008893E5 /* main.m */,
				0D58EC31186C5265008893E5 /* Shell-Prefix.pch */,
			);
			name = "Supporting Files";
			sourceTree = "<group>";
		};
		0D58EC4E186C5265008893E5 /* ShellTests */ = {
			isa = PBXGroup;
			children = (
				0D58EC54186C5265008893E5 /* ShellTests.m */,
				0D58EC4F186C5265008893E5 /* Supporting Files */,
			);
			path = ShellTests;
			sourceTree = "<group>";
		};
		0D58EC4F186C5265008893E5 /* Supporting Files */ = {
			isa = PBXGroup;
			children = (
				0D58EC50186C5265008893E5 /* ShellTests-Info.plist */,
				0D58EC51186C5265008893E5 /* InfoPlist.strings */,
			);
			name = "Supporting Files";
			sourceTree = "<group>";
		};
		0D58EC5E186C5507008893E5 /* Controllers */ = {
			isa = PBXGroup;
			children = (
				0D58EC3B186C5265008893E5 /* GSConnectionsTableController.h */,
				0D58EC3C186C5265008893E5 /* GSConnectionsTableController.m */,
				0DE583E118831C360083EE00 /* Terminal View Controllers */,
				0DA514B4189545D700B4ECBF /* Settings */,
				0DE583E818832C330083EE00 /* Add Account Controller */,
			);
			name = Controllers;
			sourceTree = "<group>";
		};
		0D58EC5F186C5516008893E5 /* Views */ = {
			isa = PBXGroup;
			children = (
				0D58EC35186C5265008893E5 /* Main_iPhone.storyboard */,
				0D58EC38186C5265008893E5 /* Main_iPad.storyboard */,
				0DCE7F6B188C5CFC00C69124 /* GSProgressHUD.h */,
				0DCE7F6C188C5CFC00C69124 /* GSProgressHUD.m */,
				0D58EC65186C59EF008893E5 /* GSTerminalView.h */,
				0D58EC66186C59EF008893E5 /* GSTerminalView.m */,
				0D89EAE6188058AA00737407 /* GSTableViewCell.h */,
				0D89EAE7188058AA00737407 /* GSTableViewCell.m */,
				0D380A10189E9DBD009D33C9 /* GSKeyPairCell.h */,
				0D380A11189E9DBD009D33C9 /* GSKeyPairCell.m */,
			);
			name = Views;
			sourceTree = "<group>";
		};
		0D58EC64186C5636008893E5 /* Models */ = {
			isa = PBXGroup;
			children = (
				0D58EC61186C5631008893E5 /* GSConnection.h */,
				0D58EC62186C5631008893E5 /* GSConnection.m */,
				0D559132187F51F4004ECB99 /* GSKeyPair.h */,
				0D559133187F51F4004ECB99 /* GSKeyPair.m */,
				0D186F501884839900063E10 /* GSHerokuAccount.h */,
				0D186F511884839900063E10 /* GSHerokuAccount.m */,
				0DCBC766188872A0001810E6 /* GSAWSCredentials.h */,
				0DCBC767188872A0001810E6 /* GSAWSCredentials.m */,
			);
			name = Models;
			sourceTree = "<group>";
		};
		0D58EC7A186C6425008893E5 /* terminal-html */ = {
			isa = PBXGroup;
			children = (
				0D58EC8A186CEE5B008893E5 /* term.js */,
				0D58EC80186C6425008893E5 /* terminal.html */,
			);
			path = "terminal-html";
			sourceTree = "<group>";
		};
		0D89EADE1880405600737407 /* HerokuService */ = {
			isa = PBXGroup;
			children = (
				0D89EAE21880498700737407 /* Models */,
				0D89EADF188040F300737407 /* GSHerokuService.h */,
				0D89EAE0188040F300737407 /* GSHerokuService.m */,
				0D0E6E4F188082E300F693B4 /* GSRendezvous.h */,
				0D0E6E50188082E300F693B4 /* GSRendezvous.m */,
				0DB2DE151897160900481750 /* GSHerokuOAuth.h */,
				0DB2DE161897160900481750 /* GSHerokuOAuth.m */,
			);
			name = HerokuService;
			sourceTree = "<group>";
		};
		0D89EAE21880498700737407 /* Models */ = {
			isa = PBXGroup;
			children = (
				0D89EAE3188049AD00737407 /* GSApplication.h */,
				0D89EAE4188049AD00737407 /* GSApplication.m */,
				0D0E6E5218816CAD00F693B4 /* GSDyno.h */,
				0D0E6E5318816CAD00F693B4 /* GSDyno.m */,
			);
			name = Models;
			sourceTree = "<group>";
		};
		0DA514B4189545D700B4ECBF /* Settings */ = {
			isa = PBXGroup;
			children = (
				0D5488671894109E0061659B /* GSSettingsController.h */,
				0D5488681894109E0061659B /* GSSettingsController.m */,
				0DB3EFA218946EE200705CC7 /* GSKeyPairsTableController.h */,
				0DB3EFA318946EE200705CC7 /* GSKeyPairsTableController.m */,
				0DC7EA71189D881000D36E3A /* GSAddKeyPairController.h */,
				0DC7EA72189D881000D36E3A /* GSAddKeyPairController.m */,
				0D380A13189EA29C009D33C9 /* GSAccountsTableController.h */,
				0D380A14189EA29C009D33C9 /* GSAccountsTableController.m */,
			);
			name = Settings;
			sourceTree = "<group>";
		};
		0DE3388D18796F4700A5F50C /* Categories */ = {
			isa = PBXGroup;
			children = (
				0DE3388718796F3900A5F50C /* UIFont+IonIcons.h */,
				0DE3388818796F3A00A5F50C /* UIFont+IonIcons.m */,
				0DE3388918796F3A00A5F50C /* UIBarButtonItem+IonIcons.h */,
				0DE3388A18796F3A00A5F50C /* UIBarButtonItem+IonIcons.m */,
				0D89EAEB18806C7500737407 /* UIButton+IonIcons.h */,
				0D89EAEC18806C7500737407 /* UIButton+IonIcons.m */,
			);
			name = Categories;
			sourceTree = "<group>";
		};
		0DE3388E18796F5300A5F50C /* Resources */ = {
			isa = PBXGroup;
			children = (
				0D94713C18899A40005A511B /* aws-account-form.json */,
				0DE3388F18796F6800A5F50C /* ionicons.ttf */,
				0D58EC7A186C6425008893E5 /* terminal-html */,
				0D55912F187F403C004ECB99 /* DataModel.xcdatamodeld */,
			);
			name = Resources;
			sourceTree = "<group>";
		};
		0DE583E118831C360083EE00 /* Terminal View Controllers */ = {
			isa = PBXGroup;
			children = (
				0D58EC3E186C5265008893E5 /* GSTerminalViewController.h */,
				0D58EC3F186C5265008893E5 /* GSTerminalViewController.m */,
				0DE583E218831EA40083EE00 /* GSSSHTerminalViewController.h */,
				0DE583E318831EA40083EE00 /* GSSSHTerminalViewController.m */,
				0DE583E51883202D0083EE00 /* GSHerokuTerminalViewController.h */,
				0DE583E61883202D0083EE00 /* GSHerokuTerminalViewController.m */,
			);
			name = "Terminal View Controllers";
			sourceTree = "<group>";
		};
		0DE583E818832C330083EE00 /* Add Account Controller */ = {
			isa = PBXGroup;
			children = (
				0DA514BC1895650600B4ECBF /* GSAddConnectionTableController.h */,
				0DA514BD1895650600B4ECBF /* GSAddConnectionTableController.m */,
				0DB9E8EE1876E5E700B09E28 /* GSAddSSHFormController.h */,
				0DB9E8EF1876E5E700B09E28 /* GSAddSSHFormController.m */,
				0DE583EA18833B950083EE00 /* GSHerokuLoginController.h */,
				0DE583EB18833B950083EE00 /* GSHerokuLoginController.m */,
				0DCBC76C18887873001810E6 /* GSAWSAccountFormController.h */,
				0DCBC76D18887873001810E6 /* GSAWSAccountFormController.m */,
			);
			name = "Add Account Controller";
			sourceTree = "<group>";
		};
/* End PBXGroup section */

/* Begin PBXNativeTarget section */
		0D58EC1F186C5265008893E5 /* Shell */ = {
			isa = PBXNativeTarget;
			buildConfigurationList = 0D58EC58186C5265008893E5 /* Build configuration list for PBXNativeTarget "Shell" */;
			buildPhases = (
				08927302FDED44968993E87D /* Check Pods Manifest.lock */,
				0D58EC1C186C5265008893E5 /* Sources */,
				0D58EC1D186C5265008893E5 /* Frameworks */,
				0D58EC1E186C5265008893E5 /* Resources */,
				5FE1C4F89FBF4430AFF9EB28 /* Copy Pods Resources */,
			);
			buildRules = (
			);
			dependencies = (
			);
			name = Shell;
			productName = Shell;
			productReference = 0D58EC20186C5265008893E5 /* Shell.app */;
			productType = "com.apple.product-type.application";
		};
		0D58EC46186C5265008893E5 /* ShellTests */ = {
			isa = PBXNativeTarget;
			buildConfigurationList = 0D58EC5B186C5265008893E5 /* Build configuration list for PBXNativeTarget "ShellTests" */;
			buildPhases = (
				0D58EC43186C5265008893E5 /* Sources */,
				0D58EC44186C5265008893E5 /* Frameworks */,
				0D58EC45186C5265008893E5 /* Resources */,
			);
			buildRules = (
			);
			dependencies = (
				0D58EC4D186C5265008893E5 /* PBXTargetDependency */,
			);
			name = ShellTests;
			productName = ShellTests;
			productReference = 0D58EC47186C5265008893E5 /* ShellTests.xctest */;
			productType = "com.apple.product-type.bundle.unit-test";
		};
/* End PBXNativeTarget section */

/* Begin PBXProject section */
		0D58EC18186C5265008893E5 /* Project object */ = {
			isa = PBXProject;
			attributes = {
				CLASSPREFIX = GS;
				LastUpgradeCheck = 0500;
				ORGANIZATIONNAME = "Endika Gutiérrez Salas";
				TargetAttributes = {
					0D58EC1F186C5265008893E5 = {
						DevelopmentTeam = 2MPHS8UZ9U;
					};
					0D58EC46186C5265008893E5 = {
						TestTargetID = 0D58EC1F186C5265008893E5;
					};
				};
			};
			buildConfigurationList = 0D58EC1B186C5265008893E5 /* Build configuration list for PBXProject "Shell" */;
			compatibilityVersion = "Xcode 3.2";
			developmentRegion = English;
			hasScannedForEncodings = 0;
			knownRegions = (
				en,
				Base,
			);
			mainGroup = 0D58EC17186C5265008893E5;
			productRefGroup = 0D58EC21186C5265008893E5 /* Products */;
			projectDirPath = "";
			projectRoot = "";
			targets = (
				0D58EC1F186C5265008893E5 /* Shell */,
				0D58EC46186C5265008893E5 /* ShellTests */,
			);
		};
/* End PBXProject section */

/* Begin PBXResourcesBuildPhase section */
		0D58EC1E186C5265008893E5 /* Resources */ = {
			isa = PBXResourcesBuildPhase;
			buildActionMask = 2147483647;
			files = (
				0D58EC8C186CEE64008893E5 /* term.js in Resources */,
				0D58EC3A186C5265008893E5 /* Main_iPad.storyboard in Resources */,
				0DE3389018796F6800A5F50C /* ionicons.ttf in Resources */,
				0D58EC42186C5265008893E5 /* Images.xcassets in Resources */,
				0D94713D18899A40005A511B /* aws-account-form.json in Resources */,
				0D58EC37186C5265008893E5 /* Main_iPhone.storyboard in Resources */,
				0D58EC2E186C5265008893E5 /* InfoPlist.strings in Resources */,
				0D58EC86186C6425008893E5 /* terminal.html in Resources */,
			);
			runOnlyForDeploymentPostprocessing = 0;
		};
		0D58EC45186C5265008893E5 /* Resources */ = {
			isa = PBXResourcesBuildPhase;
			buildActionMask = 2147483647;
			files = (
				0D58EC53186C5265008893E5 /* InfoPlist.strings in Resources */,
			);
			runOnlyForDeploymentPostprocessing = 0;
		};
/* End PBXResourcesBuildPhase section */

/* Begin PBXShellScriptBuildPhase section */
		08927302FDED44968993E87D /* Check Pods Manifest.lock */ = {
			isa = PBXShellScriptBuildPhase;
			buildActionMask = 2147483647;
			files = (
			);
			inputPaths = (
			);
			name = "Check Pods Manifest.lock";
			outputPaths = (
			);
			runOnlyForDeploymentPostprocessing = 0;
			shellPath = /bin/sh;
			shellScript = "diff \"${PODS_ROOT}/../Podfile.lock\" \"${PODS_ROOT}/Manifest.lock\" > /dev/null\nif [[ $? != 0 ]] ; then\n    cat << EOM\nerror: The sandbox is not in sync with the Podfile.lock. Run 'pod install' or update your CocoaPods installation.\nEOM\n    exit 1\nfi\n";
			showEnvVarsInLog = 0;
		};
		5FE1C4F89FBF4430AFF9EB28 /* Copy Pods Resources */ = {
			isa = PBXShellScriptBuildPhase;
			buildActionMask = 2147483647;
			files = (
			);
			inputPaths = (
			);
			name = "Copy Pods Resources";
			outputPaths = (
			);
			runOnlyForDeploymentPostprocessing = 0;
			shellPath = /bin/sh;
			shellScript = "\"${SRCROOT}/Pods/Pods-resources.sh\"\n";
			showEnvVarsInLog = 0;
		};
/* End PBXShellScriptBuildPhase section */

/* Begin PBXSourcesBuildPhase section */
		0D58EC1C186C5265008893E5 /* Sources */ = {
			isa = PBXSourcesBuildPhase;
			buildActionMask = 2147483647;
			files = (
				0D58EC3D186C5265008893E5 /* GSConnectionsTableController.m in Sources */,
				0DCBC76E18887873001810E6 /* GSAWSAccountFormController.m in Sources */,
				0DCE7F6D188C5CFC00C69124 /* GSProgressHUD.m in Sources */,
				0D0E6E5418816CAD00F693B4 /* GSDyno.m in Sources */,
				0D559131187F403C004ECB99 /* DataModel.xcdatamodeld in Sources */,
				0D186F521884839900063E10 /* GSHerokuAccount.m in Sources */,
				0DCBC768188872A0001810E6 /* GSAWSCredentials.m in Sources */,
				0DB9E8F01876E5E700B09E28 /* GSAddSSHFormController.m in Sources */,
				0D0E6E51188082E300F693B4 /* GSRendezvous.m in Sources */,
				0DE3388C18796F3A00A5F50C /* UIBarButtonItem+IonIcons.m in Sources */,
				0D58EC34186C5265008893E5 /* GSAppDelegate.m in Sources */,
				0DE583E418831EA40083EE00 /* GSSSHTerminalViewController.m in Sources */,
				0D89EAE8188058AA00737407 /* GSTableViewCell.m in Sources */,
				0D89EAE1188040F300737407 /* GSHerokuService.m in Sources */,
				0DE583EC18833B950083EE00 /* GSHerokuLoginController.m in Sources */,
				0DC7EA73189D881000D36E3A /* GSAddKeyPairController.m in Sources */,
				0D58EC30186C5265008893E5 /* main.m in Sources */,
				0DA514BE1895650600B4ECBF /* GSAddConnectionTableController.m in Sources */,
				0D5488691894109E0061659B /* GSSettingsController.m in Sources */,
				0D58EC63186C5631008893E5 /* GSConnection.m in Sources */,
				0DB3EFA418946EE200705CC7 /* GSKeyPairsTableController.m in Sources */,
				0D89EAE5188049AD00737407 /* GSApplication.m in Sources */,
				0D89EAED18806C7500737407 /* UIButton+IonIcons.m in Sources */,
				0D380A12189E9DBD009D33C9 /* GSKeyPairCell.m in Sources */,
				0DB2DE171897160900481750 /* GSHerokuOAuth.m in Sources */,
				0D58EC67186C59EF008893E5 /* GSTerminalView.m in Sources */,
				0DE583E71883202D0083EE00 /* GSHerokuTerminalViewController.m in Sources */,
				0DE3388B18796F3A00A5F50C /* UIFont+IonIcons.m in Sources */,
				0D380A15189EA29C009D33C9 /* GSAccountsTableController.m in Sources */,
				0D58EC40186C5265008893E5 /* GSTerminalViewController.m in Sources */,
				0DA514B718954ED200B4ECBF /* GSFormStyleProvider.m in Sources */,
				0D559134187F51F4004ECB99 /* GSKeyPair.m in Sources */,
			);
			runOnlyForDeploymentPostprocessing = 0;
		};
		0D58EC43186C5265008893E5 /* Sources */ = {
			isa = PBXSourcesBuildPhase;
			buildActionMask = 2147483647;
			files = (
				0D58EC55186C5265008893E5 /* ShellTests.m in Sources */,
			);
			runOnlyForDeploymentPostprocessing = 0;
		};
/* End PBXSourcesBuildPhase section */

/* Begin PBXTargetDependency section */
		0D58EC4D186C5265008893E5 /* PBXTargetDependency */ = {
			isa = PBXTargetDependency;
			target = 0D58EC1F186C5265008893E5 /* Shell */;
			targetProxy = 0D58EC4C186C5265008893E5 /* PBXContainerItemProxy */;
		};
/* End PBXTargetDependency section */

/* Begin PBXVariantGroup section */
		0D58EC2C186C5265008893E5 /* InfoPlist.strings */ = {
			isa = PBXVariantGroup;
			children = (
				0D58EC2D186C5265008893E5 /* en */,
			);
			name = InfoPlist.strings;
			sourceTree = "<group>";
		};
		0D58EC35186C5265008893E5 /* Main_iPhone.storyboard */ = {
			isa = PBXVariantGroup;
			children = (
				0D58EC36186C5265008893E5 /* Base */,
			);
			name = Main_iPhone.storyboard;
			sourceTree = "<group>";
		};
		0D58EC38186C5265008893E5 /* Main_iPad.storyboard */ = {
			isa = PBXVariantGroup;
			children = (
				0D58EC39186C5265008893E5 /* Base */,
			);
			name = Main_iPad.storyboard;
			sourceTree = "<group>";
		};
		0D58EC51186C5265008893E5 /* InfoPlist.strings */ = {
			isa = PBXVariantGroup;
			children = (
				0D58EC52186C5265008893E5 /* en */,
			);
			name = InfoPlist.strings;
			sourceTree = "<group>";
		};
/* End PBXVariantGroup section */

/* Begin XCBuildConfiguration section */
		0D58EC56186C5265008893E5 /* Debug */ = {
			isa = XCBuildConfiguration;
			buildSettings = {
				ALWAYS_SEARCH_USER_PATHS = NO;
				ARCHS = "$(ARCHS_STANDARD_INCLUDING_64_BIT)";
				CLANG_CXX_LANGUAGE_STANDARD = "gnu++0x";
				CLANG_CXX_LIBRARY = "libc++";
				CLANG_ENABLE_MODULES = YES;
				CLANG_ENABLE_OBJC_ARC = YES;
				CLANG_WARN_BOOL_CONVERSION = YES;
				CLANG_WARN_CONSTANT_CONVERSION = YES;
				CLANG_WARN_DIRECT_OBJC_ISA_USAGE = YES_ERROR;
				CLANG_WARN_EMPTY_BODY = YES;
				CLANG_WARN_ENUM_CONVERSION = YES;
				CLANG_WARN_INT_CONVERSION = YES;
				CLANG_WARN_OBJC_ROOT_CLASS = YES_ERROR;
				CLANG_WARN__DUPLICATE_METHOD_MATCH = YES;
				"CODE_SIGN_IDENTITY[sdk=iphoneos*]" = "iPhone Developer";
				COPY_PHASE_STRIP = NO;
				GCC_C_LANGUAGE_STANDARD = gnu99;
				GCC_DYNAMIC_NO_PIC = NO;
				GCC_OPTIMIZATION_LEVEL = 0;
				GCC_PREPROCESSOR_DEFINITIONS = (
					"DEBUG=1",
					"$(inherited)",
				);
				GCC_SYMBOLS_PRIVATE_EXTERN = NO;
				GCC_WARN_64_TO_32_BIT_CONVERSION = YES;
				GCC_WARN_ABOUT_RETURN_TYPE = YES_ERROR;
				GCC_WARN_UNDECLARED_SELECTOR = YES;
				GCC_WARN_UNINITIALIZED_AUTOS = YES;
				GCC_WARN_UNUSED_FUNCTION = YES;
				GCC_WARN_UNUSED_VARIABLE = YES;
				IPHONEOS_DEPLOYMENT_TARGET = 7.0;
				ONLY_ACTIVE_ARCH = YES;
				SDKROOT = iphoneos;
				TARGETED_DEVICE_FAMILY = "1,2";
			};
			name = Debug;
		};
		0D58EC57186C5265008893E5 /* Release */ = {
			isa = XCBuildConfiguration;
			buildSettings = {
				ALWAYS_SEARCH_USER_PATHS = NO;
				ARCHS = "$(ARCHS_STANDARD_INCLUDING_64_BIT)";
				CLANG_CXX_LANGUAGE_STANDARD = "gnu++0x";
				CLANG_CXX_LIBRARY = "libc++";
				CLANG_ENABLE_MODULES = YES;
				CLANG_ENABLE_OBJC_ARC = YES;
				CLANG_WARN_BOOL_CONVERSION = YES;
				CLANG_WARN_CONSTANT_CONVERSION = YES;
				CLANG_WARN_DIRECT_OBJC_ISA_USAGE = YES_ERROR;
				CLANG_WARN_EMPTY_BODY = YES;
				CLANG_WARN_ENUM_CONVERSION = YES;
				CLANG_WARN_INT_CONVERSION = YES;
				CLANG_WARN_OBJC_ROOT_CLASS = YES_ERROR;
				CLANG_WARN__DUPLICATE_METHOD_MATCH = YES;
				"CODE_SIGN_IDENTITY[sdk=iphoneos*]" = "iPhone Developer";
				COPY_PHASE_STRIP = YES;
				ENABLE_NS_ASSERTIONS = NO;
				GCC_C_LANGUAGE_STANDARD = gnu99;
				GCC_WARN_64_TO_32_BIT_CONVERSION = YES;
				GCC_WARN_ABOUT_RETURN_TYPE = YES_ERROR;
				GCC_WARN_UNDECLARED_SELECTOR = YES;
				GCC_WARN_UNINITIALIZED_AUTOS = YES;
				GCC_WARN_UNUSED_FUNCTION = YES;
				GCC_WARN_UNUSED_VARIABLE = YES;
				IPHONEOS_DEPLOYMENT_TARGET = 7.0;
				SDKROOT = iphoneos;
				TARGETED_DEVICE_FAMILY = "1,2";
				VALIDATE_PRODUCT = YES;
			};
			name = Release;
		};
		0D58EC59186C5265008893E5 /* Debug */ = {
			isa = XCBuildConfiguration;
			baseConfigurationReference = C0C7AC5A9FDC47F7B00CB3C7 /* Pods.xcconfig */;
			buildSettings = {
				ASSETCATALOG_COMPILER_APPICON_NAME = AppIcon;
				ASSETCATALOG_COMPILER_LAUNCHIMAGE_NAME = LaunchImage;
				CODE_SIGN_IDENTITY = "iPhone Developer";
				"CODE_SIGN_IDENTITY[sdk=iphoneos*]" = "iPhone Developer";
				FRAMEWORK_SEARCH_PATHS = (
					"$(inherited)",
					/Users/endika/Projects/Shell,
				);
				GCC_PRECOMPILE_PREFIX_HEADER = YES;
				GCC_PREFIX_HEADER = "Shell/Shell-Prefix.pch";
				INFOPLIST_FILE = "Shell/Shell-Info.plist";
				PRODUCT_NAME = "$(TARGET_NAME)";
				PROVISIONING_PROFILE = "";
				WRAPPER_EXTENSION = app;
			};
			name = Debug;
		};
		0D58EC5A186C5265008893E5 /* Release */ = {
			isa = XCBuildConfiguration;
			baseConfigurationReference = C0C7AC5A9FDC47F7B00CB3C7 /* Pods.xcconfig */;
			buildSettings = {
				ASSETCATALOG_COMPILER_APPICON_NAME = AppIcon;
				ASSETCATALOG_COMPILER_LAUNCHIMAGE_NAME = LaunchImage;
				CODE_SIGN_IDENTITY = "iPhone Developer";
				"CODE_SIGN_IDENTITY[sdk=iphoneos*]" = "iPhone Developer";
				FRAMEWORK_SEARCH_PATHS = (
					"$(inherited)",
					/Users/endika/Projects/Shell,
				);
				GCC_PRECOMPILE_PREFIX_HEADER = YES;
				GCC_PREFIX_HEADER = "Shell/Shell-Prefix.pch";
				INFOPLIST_FILE = "Shell/Shell-Info.plist";
				PRODUCT_NAME = "$(TARGET_NAME)";
				PROVISIONING_PROFILE = "";
				WRAPPER_EXTENSION = app;
			};
			name = Release;
		};
		0D58EC5C186C5265008893E5 /* Debug */ = {
			isa = XCBuildConfiguration;
			buildSettings = {
				ARCHS = "$(ARCHS_STANDARD_INCLUDING_64_BIT)";
				BUNDLE_LOADER = "$(BUILT_PRODUCTS_DIR)/Shell.app/Shell";
				FRAMEWORK_SEARCH_PATHS = (
					"$(SDKROOT)/Developer/Library/Frameworks",
					"$(inherited)",
					"$(DEVELOPER_FRAMEWORKS_DIR)",
				);
				GCC_PRECOMPILE_PREFIX_HEADER = YES;
				GCC_PREFIX_HEADER = "Shell/Shell-Prefix.pch";
				GCC_PREPROCESSOR_DEFINITIONS = (
					"DEBUG=1",
					"$(inherited)",
				);
				INFOPLIST_FILE = "ShellTests/ShellTests-Info.plist";
				PRODUCT_NAME = "$(TARGET_NAME)";
				TEST_HOST = "$(BUNDLE_LOADER)";
				WRAPPER_EXTENSION = xctest;
			};
			name = Debug;
		};
		0D58EC5D186C5265008893E5 /* Release */ = {
			isa = XCBuildConfiguration;
			buildSettings = {
				ARCHS = "$(ARCHS_STANDARD_INCLUDING_64_BIT)";
				BUNDLE_LOADER = "$(BUILT_PRODUCTS_DIR)/Shell.app/Shell";
				FRAMEWORK_SEARCH_PATHS = (
					"$(SDKROOT)/Developer/Library/Frameworks",
					"$(inherited)",
					"$(DEVELOPER_FRAMEWORKS_DIR)",
				);
				GCC_PRECOMPILE_PREFIX_HEADER = YES;
				GCC_PREFIX_HEADER = "Shell/Shell-Prefix.pch";
				INFOPLIST_FILE = "ShellTests/ShellTests-Info.plist";
				PRODUCT_NAME = "$(TARGET_NAME)";
				TEST_HOST = "$(BUNDLE_LOADER)";
				WRAPPER_EXTENSION = xctest;
			};
			name = Release;
		};
/* End XCBuildConfiguration section */

/* Begin XCConfigurationList section */
		0D58EC1B186C5265008893E5 /* Build configuration list for PBXProject "Shell" */ = {
			isa = XCConfigurationList;
			buildConfigurations = (
				0D58EC56186C5265008893E5 /* Debug */,
				0D58EC57186C5265008893E5 /* Release */,
			);
			defaultConfigurationIsVisible = 0;
			defaultConfigurationName = Release;
		};
		0D58EC58186C5265008893E5 /* Build configuration list for PBXNativeTarget "Shell" */ = {
			isa = XCConfigurationList;
			buildConfigurations = (
				0D58EC59186C5265008893E5 /* Debug */,
				0D58EC5A186C5265008893E5 /* Release */,
			);
			defaultConfigurationIsVisible = 0;
			defaultConfigurationName = Release;
		};
		0D58EC5B186C5265008893E5 /* Build configuration list for PBXNativeTarget "ShellTests" */ = {
			isa = XCConfigurationList;
			buildConfigurations = (
				0D58EC5C186C5265008893E5 /* Debug */,
				0D58EC5D186C5265008893E5 /* Release */,
			);
			defaultConfigurationIsVisible = 0;
			defaultConfigurationName = Release;
		};
/* End XCConfigurationList section */

/* Begin XCVersionGroup section */
		0D55912F187F403C004ECB99 /* DataModel.xcdatamodeld */ = {
			isa = XCVersionGroup;
			children = (
				0D559130187F403C004ECB99 /* DataModel.xcdatamodel */,
			);
			currentVersion = 0D559130187F403C004ECB99 /* DataModel.xcdatamodel */;
			path = DataModel.xcdatamodeld;
			sourceTree = "<group>";
			versionGroupType = wrapper.xcdatamodel;
		};
/* End XCVersionGroup section */
	};
	rootObject = 0D58EC18186C5265008893E5 /* Project object */;
}
